
Microsoft Visual Studio Solution File, Format Version 12.00
# Visual Studio Version 16
VisualStudioVersion = 16.0.28803.352
MinimumVisualStudioVersion = 10.0.40219.1
Project("{FAE04EC0-301F-11D3-BF4B-00C04F79EFBC}") = "TestApp", "TestApp\TestApp.csproj", "{AFDD91B4-B38A-4AAE-B7E8-D9E968A30693}"
EndProject
Project("{FAE04EC0-301F-11D3-BF4B-00C04F79EFBC}") = "VPKSoft.ScintillaSpellCheck", "VPKSoft.ScintillaSpellCheck\VPKSoft.ScintillaSpellCheck.csproj", "{BC90D222-7017-425B-B976-DA9A63902951}"
EndProject
Project("{FAE04EC0-301F-11D3-BF4B-00C04F79EFBC}") = "VPKSoft.ScintillaSpellCheck.SUO", "VPKSoft.ScintillaSpellCheck.SUO\VPKSoft.ScintillaSpellCheck.SUO.csproj", "{C3C1A496-B5A6-4F34-BED4-E14CB75E14C1}"
EndProject
Global
	GlobalSection(SolutionConfigurationPlatforms) = preSolution
		Debug|Any CPU = Debug|Any CPU
		Release|Any CPU = Release|Any CPU
	EndGlobalSection
	GlobalSection(ProjectConfigurationPlatforms) = postSolution
		{AFDD91B4-B38A-4AAE-B7E8-D9E968A30693}.Debug|Any CPU.ActiveCfg = Debug|Any CPU
		{AFDD91B4-B38A-4AAE-B7E8-D9E968A30693}.Debug|Any CPU.Build.0 = Debug|Any CPU
		{AFDD91B4-B38A-4AAE-B7E8-D9E968A30693}.Release|Any CPU.ActiveCfg = Release|Any CPU
		{AFDD91B4-B38A-4AAE-B7E8-D9E968A30693}.Release|Any CPU.Build.0 = Release|Any CPU
		{BC90D222-7017-425B-B976-DA9A63902951}.Debug|Any CPU.ActiveCfg = Debug|Any CPU
		{BC90D222-7017-425B-B976-DA9A63902951}.Debug|Any CPU.Build.0 = Debug|Any CPU
		{BC90D222-7017-425B-B976-DA9A63902951}.Release|Any CPU.ActiveCfg = Release|Any CPU
		{BC90D222-7017-425B-B976-DA9A63902951}.Release|Any CPU.Build.0 = Release|Any CPU
		{C3C1A496-B5A6-4F34-BED4-E14CB75E14C1}.Debug|Any CPU.ActiveCfg = Debug|Any CPU
		{C3C1A496-B5A6-4F34-BED4-E14CB75E14C1}.Debug|Any CPU.Build.0 = Debug|Any CPU
		{C3C1A496-B5A6-4F34-BED4-E14CB75E14C1}.Release|Any CPU.ActiveCfg = Release|Any CPU
		{C3C1A496-B5A6-4F34-BED4-E14CB75E14C1}.Release|Any CPU.Build.0 = Release|Any CPU
	EndGlobalSection
	GlobalSection(SolutionProperties) = preSolution
		HideSolutionNode = FALSE
	EndGlobalSection
	GlobalSection(ExtensibilityGlobals) = postSolution
		SolutionGuid = {2D428BE6-CE33-43CA-B79A-BA3F8FF2B005}
	EndGlobalSection
EndGlobal
