
Microsoft Visual Studio Solution File, Format Version 12.00
# Visual Studio Version 17
VisualStudioVersion = 17.0.32014.148
MinimumVisualStudioVersion = 10.0.40219.1
Project("{9A19103F-16F7-4668-BE54-9A1E7A4F7556}") = "TestApp", "TestApp\TestApp.csproj", "{AFDD91B4-B38A-4AAE-B7E8-D9E968A30693}"
EndProject
Project("{9A19103F-16F7-4668-BE54-9A1E7A4F7556}") = "VPKSoft.ScintillaSpellCheck", "VPKSoft.ScintillaSpellCheck\VPKSoft.ScintillaSpellCheck.csproj", "{BC90D222-7017-425B-B976-DA9A63902951}"
EndProject
Project("{9A19103F-16F7-4668-BE54-9A1E7A4F7556}") = "VPKSoft.ScintillaSpellCheck.NET", "VPKSoft.ScintillaSpellCheck.NET\VPKSoft.ScintillaSpellCheck.NET.csproj", "{6D27542D-AF5D-4F5A-A66A-034847049685}"
EndProject
Global
	GlobalSection(SolutionConfigurationPlatforms) = preSolution
		Debug|Any CPU = Debug|Any CPU
		Release|Any CPU = Release|Any CPU
	EndGlobalSection
	GlobalSection(ProjectConfigurationPlatforms) = postSolution
		{AFDD91B4-B38A-4AAE-B7E8-D9E968A30693}.Debug|Any CPU.ActiveCfg = Debug|Any CPU
		{AFDD91B4-B38A-4AAE-B7E8-D9E968A30693}.Debug|Any CPU.Build.0 = Debug|Any CPU
		{AFDD91B4-B38A-4AAE-B7E8-D9E968A30693}.Release|Any CPU.ActiveCfg = Release|Any CPU
		{AFDD91B4-B38A-4AAE-B7E8-D9E968A30693}.Release|Any CPU.Build.0 = Release|Any CPU
		{BC90D222-7017-425B-B976-DA9A63902951}.Debug|Any CPU.ActiveCfg = Debug|Any CPU
		{BC90D222-7017-425B-B976-DA9A63902951}.Debug|Any CPU.Build.0 = Debug|Any CPU
		{BC90D222-7017-425B-B976-DA9A63902951}.Release|Any CPU.ActiveCfg = Release|Any CPU
		{BC90D222-7017-425B-B976-DA9A63902951}.Release|Any CPU.Build.0 = Release|Any CPU
		{6D27542D-AF5D-4F5A-A66A-034847049685}.Debug|Any CPU.ActiveCfg = Debug|Any CPU
		{6D27542D-AF5D-4F5A-A66A-034847049685}.Debug|Any CPU.Build.0 = Debug|Any CPU
		{6D27542D-AF5D-4F5A-A66A-034847049685}.Release|Any CPU.ActiveCfg = Release|Any CPU
		{6D27542D-AF5D-4F5A-A66A-034847049685}.Release|Any CPU.Build.0 = Release|Any CPU
	EndGlobalSection
	GlobalSection(SolutionProperties) = preSolution
		HideSolutionNode = FALSE
	EndGlobalSection
	GlobalSection(ExtensibilityGlobals) = postSolution
		SolutionGuid = {2D428BE6-CE33-43CA-B79A-BA3F8FF2B005}
	EndGlobalSection
EndGlobal
